
Microsoft Visual Studio Solution File, Format Version 12.00
# Visual Studio Version 17
VisualStudioVersion = 17.0.32002.185
MinimumVisualStudioVersion = 10.0.40219.1
Project("{9A19103F-16F7-4668-BE54-9A1E7A4F7556}") = "Onroni.Extensions.Generic", "Onroni.Extensions.Generic\Onroni.Extensions.Generic.csproj", "{FC18E2AE-AE04-4E6B-8487-60AA86F916F8}"
EndProject
Project("{FAE04EC0-301F-11D3-BF4B-00C04F79EFBC}") = "Onroni.Extensions.Generic.Classic", "Onroni.Extensions.Generic.Classic\Onroni.Extensions.Generic.Classic.csproj", "{A0237C4F-9258-4513-BD0D-9114C094F71F}"
EndProject
Global
	GlobalSection(SolutionConfigurationPlatforms) = preSolution
		Debug|Any CPU = Debug|Any CPU
		Release|Any CPU = Release|Any CPU
	EndGlobalSection
	GlobalSection(ProjectConfigurationPlatforms) = postSolution
		{FC18E2AE-AE04-4E6B-8487-60AA86F916F8}.Debug|Any CPU.ActiveCfg = Debug|Any CPU
		{FC18E2AE-AE04-4E6B-8487-60AA86F916F8}.Debug|Any CPU.Build.0 = Debug|Any CPU
		{FC18E2AE-AE04-4E6B-8487-60AA86F916F8}.Release|Any CPU.ActiveCfg = Release|Any CPU
		{FC18E2AE-AE04-4E6B-8487-60AA86F916F8}.Release|Any CPU.Build.0 = Release|Any CPU
		{A0237C4F-9258-4513-BD0D-9114C094F71F}.Debug|Any CPU.ActiveCfg = Debug|Any CPU
		{A0237C4F-9258-4513-BD0D-9114C094F71F}.Debug|Any CPU.Build.0 = Debug|Any CPU
		{A0237C4F-9258-4513-BD0D-9114C094F71F}.Release|Any CPU.ActiveCfg = Release|Any CPU
		{A0237C4F-9258-4513-BD0D-9114C094F71F}.Release|Any CPU.Build.0 = Release|Any CPU
	EndGlobalSection
	GlobalSection(SolutionProperties) = preSolution
		HideSolutionNode = FALSE
	EndGlobalSection
	GlobalSection(ExtensibilityGlobals) = postSolution
		SolutionGuid = {4D08DB91-200B-4B10-8A45-FD909C49078A}
	EndGlobalSection
EndGlobal
